// !$*UTF8*$!
{
	archiveVersion = 1;
	classes = {
	};
	objectVersion = 46;
	objects = {

/* Begin PBXBuildFile section */
		98097D2F1C6258E100FBD61C /* AppDelegate.swift in Sources */ = {isa = PBXBuildFile; fileRef = 98097D2E1C6258E100FBD61C /* AppDelegate.swift */; };
		98097D311C6258E100FBD61C /* StationListViewController.swift in Sources */ = {isa = PBXBuildFile; fileRef = 98097D301C6258E100FBD61C /* StationListViewController.swift */; };
		98097D361C6258E100FBD61C /* Assets.xcassets in Resources */ = {isa = PBXBuildFile; fileRef = 98097D351C6258E100FBD61C /* Assets.xcassets */; };
		98097D391C6258E100FBD61C /* LaunchScreen.storyboard in Resources */ = {isa = PBXBuildFile; fileRef = 98097D371C6258E100FBD61C /* LaunchScreen.storyboard */; };
		98097D411C62590800FBD61C /* Main.storyboard in Resources */ = {isa = PBXBuildFile; fileRef = 98097D401C62590800FBD61C /* Main.storyboard */; };
		98097D431C62594B00FBD61C /* MapViewController.swift in Sources */ = {isa = PBXBuildFile; fileRef = 98097D421C62594B00FBD61C /* MapViewController.swift */; };
		98097D451C62734700FBD61C /* MapKit.framework in Frameworks */ = {isa = PBXBuildFile; fileRef = 98097D441C62734700FBD61C /* MapKit.framework */; };
		A39F8DE51C64F5B200AC0914 /* Station.swift in Sources */ = {isa = PBXBuildFile; fileRef = A39F8DE41C64F5B200AC0914 /* Station.swift */; };
		A39F8DE71C64FCC600AC0914 /* CoreLocation.framework in Frameworks */ = {isa = PBXBuildFile; fileRef = A39F8DE61C64FCC600AC0914 /* CoreLocation.framework */; };
/* End PBXBuildFile section */

/* Begin PBXFileReference section */
		98097D2B1C6258E100FBD61C /* Assessment4.app */ = {isa = PBXFileReference; explicitFileType = wrapper.application; includeInIndex = 0; path = Assessment4.app; sourceTree = BUILT_PRODUCTS_DIR; };
		98097D2E1C6258E100FBD61C /* AppDelegate.swift */ = {isa = PBXFileReference; lastKnownFileType = sourcecode.swift; path = AppDelegate.swift; sourceTree = "<group>"; };
		98097D301C6258E100FBD61C /* StationListViewController.swift */ = {isa = PBXFileReference; lastKnownFileType = sourcecode.swift; path = StationListViewController.swift; sourceTree = "<group>"; };
		98097D351C6258E100FBD61C /* Assets.xcassets */ = {isa = PBXFileReference; lastKnownFileType = folder.assetcatalog; path = Assets.xcassets; sourceTree = "<group>"; };
		98097D381C6258E100FBD61C /* Base */ = {isa = PBXFileReference; lastKnownFileType = file.storyboard; name = Base; path = Base.lproj/LaunchScreen.storyboard; sourceTree = "<group>"; };
		98097D3A1C6258E100FBD61C /* Info.plist */ = {isa = PBXFileReference; lastKnownFileType = text.plist.xml; path = Info.plist; sourceTree = "<group>"; };
		98097D401C62590800FBD61C /* Main.storyboard */ = {isa = PBXFileReference; fileEncoding = 4; lastKnownFileType = file.storyboard; path = Main.storyboard; sourceTree = "<group>"; };
		98097D421C62594B00FBD61C /* MapViewController.swift */ = {isa = PBXFileReference; fileEncoding = 4; lastKnownFileType = sourcecode.swift; path = MapViewController.swift; sourceTree = "<group>"; };
		98097D441C62734700FBD61C /* MapKit.framework */ = {isa = PBXFileReference; lastKnownFileType = wrapper.framework; name = MapKit.framework; path = System/Library/Frameworks/MapKit.framework; sourceTree = SDKROOT; };
		A39F8DE41C64F5B200AC0914 /* Station.swift */ = {isa = PBXFileReference; fileEncoding = 4; lastKnownFileType = sourcecode.swift; path = Station.swift; sourceTree = "<group>"; };
		A39F8DE61C64FCC600AC0914 /* CoreLocation.framework */ = {isa = PBXFileReference; lastKnownFileType = wrapper.framework; name = CoreLocation.framework; path = System/Library/Frameworks/CoreLocation.framework; sourceTree = SDKROOT; };
/* End PBXFileReference section */

/* Begin PBXFrameworksBuildPhase section */
		98097D281C6258E100FBD61C /* Frameworks */ = {
			isa = PBXFrameworksBuildPhase;
			buildActionMask = 2147483647;
			files = (
				A39F8DE71C64FCC600AC0914 /* CoreLocation.framework in Frameworks */,
				98097D451C62734700FBD61C /* MapKit.framework in Frameworks */,
			);
			runOnlyForDeploymentPostprocessing = 0;
		};
/* End PBXFrameworksBuildPhase section */

/* Begin PBXGroup section */
		98097D221C6258E100FBD61C = {
			isa = PBXGroup;
			children = (
				A39F8DE61C64FCC600AC0914 /* CoreLocation.framework */,
				98097D441C62734700FBD61C /* MapKit.framework */,
				98097D2D1C6258E100FBD61C /* Assessment4 */,
				98097D2C1C6258E100FBD61C /* Products */,
			);
			sourceTree = "<group>";
		};
		98097D2C1C6258E100FBD61C /* Products */ = {
			isa = PBXGroup;
			children = (
				98097D2B1C6258E100FBD61C /* Assessment4.app */,
			);
			name = Products;
			sourceTree = "<group>";
		};
		98097D2D1C6258E100FBD61C /* Assessment4 */ = {
			isa = PBXGroup;
			children = (
				98097D2E1C6258E100FBD61C /* AppDelegate.swift */,
				98097D301C6258E100FBD61C /* StationListViewController.swift */,
				A39F8DE41C64F5B200AC0914 /* Station.swift */,
				98097D421C62594B00FBD61C /* MapViewController.swift */,
				98097D401C62590800FBD61C /* Main.storyboard */,
				98097D351C6258E100FBD61C /* Assets.xcassets */,
				98097D371C6258E100FBD61C /* LaunchScreen.storyboard */,
				98097D3A1C6258E100FBD61C /* Info.plist */,
			);
			path = Assessment4;
			sourceTree = "<group>";
		};
/* End PBXGroup section */

/* Begin PBXNativeTarget section */
		98097D2A1C6258E100FBD61C /* Assessment4 */ = {
			isa = PBXNativeTarget;
			buildConfigurationList = 98097D3D1C6258E100FBD61C /* Build configuration list for PBXNativeTarget "Assessment4" */;
			buildPhases = (
				98097D271C6258E100FBD61C /* Sources */,
				98097D281C6258E100FBD61C /* Frameworks */,
				98097D291C6258E100FBD61C /* Resources */,
			);
			buildRules = (
			);
			dependencies = (
			);
			name = Assessment4;
			productName = Assessment4;
			productReference = 98097D2B1C6258E100FBD61C /* Assessment4.app */;
			productType = "com.apple.product-type.application";
		};
/* End PBXNativeTarget section */

/* Begin PBXProject section */
		98097D231C6258E100FBD61C /* Project object */ = {
			isa = PBXProject;
			attributes = {
				LastSwiftUpdateCheck = 0720;
				LastUpgradeCheck = 0720;
				ORGANIZATIONNAME = "Mobile Makers";
				TargetAttributes = {
					98097D2A1C6258E100FBD61C = {
						CreatedOnToolsVersion = 7.2;
					};
				};
			};
			buildConfigurationList = 98097D261C6258E100FBD61C /* Build configuration list for PBXProject "Assessment4" */;
			compatibilityVersion = "Xcode 3.2";
			developmentRegion = English;
			hasScannedForEncodings = 0;
			knownRegions = (
				en,
				Base,
			);
			mainGroup = 98097D221C6258E100FBD61C;
			productRefGroup = 98097D2C1C6258E100FBD61C /* Products */;
			projectDirPath = "";
			projectRoot = "";
			targets = (
				98097D2A1C6258E100FBD61C /* Assessment4 */,
			);
		};
/* End PBXProject section */

/* Begin PBXResourcesBuildPhase section */
		98097D291C6258E100FBD61C /* Resources */ = {
			isa = PBXResourcesBuildPhase;
			buildActionMask = 2147483647;
			files = (
				98097D411C62590800FBD61C /* Main.storyboard in Resources */,
				98097D391C6258E100FBD61C /* LaunchScreen.storyboard in Resources */,
				98097D361C6258E100FBD61C /* Assets.xcassets in Resources */,
			);
			runOnlyForDeploymentPostprocessing = 0;
		};
/* End PBXResourcesBuildPhase section */

/* Begin PBXSourcesBuildPhase section */
		98097D271C6258E100FBD61C /* Sources */ = {
			isa = PBXSourcesBuildPhase;
			buildActionMask = 2147483647;
			files = (
				98097D311C6258E100FBD61C /* StationListViewController.swift in Sources */,
				98097D431C62594B00FBD61C /* MapViewController.swift in Sources */,
				A39F8DE51C64F5B200AC0914 /* Station.swift in Sources */,
				98097D2F1C6258E100FBD61C /* AppDelegate.swift in Sources */,
			);
			runOnlyForDeploymentPostprocessing = 0;
		};
/* End PBXSourcesBuildPhase section */

/* Begin PBXVariantGroup section */
		98097D371C6258E100FBD61C /* LaunchScreen.storyboard */ = {
			isa = PBXVariantGroup;
			children = (
				98097D381C6258E100FBD61C /* Base */,
			);
			name = LaunchScreen.storyboard;
			sourceTree = "<group>";
		};
/* End PBXVariantGroup section */

/* Begin XCBuildConfiguration section */
		98097D3B1C6258E100FBD61C /* Debug */ = {
			isa = XCBuildConfiguration;
			buildSettings = {
				ALWAYS_SEARCH_USER_PATHS = NO;
				CLANG_CXX_LANGUAGE_STANDARD = "gnu++0x";
				CLANG_CXX_LIBRARY = "libc++";
				CLANG_ENABLE_MODULES = YES;
				CLANG_ENABLE_OBJC_ARC = YES;
				CLANG_WARN_BOOL_CONVERSION = YES;
				CLANG_WARN_CONSTANT_CONVERSION = YES;
				CLANG_WARN_DIRECT_OBJC_ISA_USAGE = YES_ERROR;
				CLANG_WARN_EMPTY_BODY = YES;
				CLANG_WARN_ENUM_CONVERSION = YES;
				CLANG_WARN_INT_CONVERSION = YES;
				CLANG_WARN_OBJC_ROOT_CLASS = YES_ERROR;
				CLANG_WARN_UNREACHABLE_CODE = YES;
				CLANG_WARN__DUPLICATE_METHOD_MATCH = YES;
				"CODE_SIGN_IDENTITY[sdk=iphoneos*]" = "iPhone Developer";
				COPY_PHASE_STRIP = NO;
				DEBUG_INFORMATION_FORMAT = dwarf;
				ENABLE_STRICT_OBJC_MSGSEND = YES;
				ENABLE_TESTABILITY = YES;
				GCC_C_LANGUAGE_STANDARD = gnu99;
				GCC_DYNAMIC_NO_PIC = NO;
				GCC_NO_COMMON_BLOCKS = YES;
				GCC_OPTIMIZATION_LEVEL = 0;
				GCC_PREPROCESSOR_DEFINITIONS = (
					"DEBUG=1",
					"$(inherited)",
				);
				GCC_WARN_64_TO_32_BIT_CONVERSION = YES;
				GCC_WARN_ABOUT_RETURN_TYPE = YES_ERROR;
				GCC_WARN_UNDECLARED_SELECTOR = YES;
				GCC_WARN_UNINITIALIZED_AUTOS = YES_AGGRESSIVE;
				GCC_WARN_UNUSED_FUNCTION = YES;
				GCC_WARN_UNUSED_VARIABLE = YES;
				IPHONEOS_DEPLOYMENT_TARGET = 9.2;
				MTL_ENABLE_DEBUG_INFO = YES;
				ONLY_ACTIVE_ARCH = YES;
				SDKROOT = iphoneos;
				SWIFT_OPTIMIZATION_LEVEL = "-Onone";
			};
			name = Debug;
		};
		98097D3C1C6258E100FBD61C /* Release */ = {
			isa = XCBuildConfiguration;
			buildSettings = {
				ALWAYS_SEARCH_USER_PATHS = NO;
				CLANG_CXX_LANGUAGE_STANDARD = "gnu++0x";
				CLANG_CXX_LIBRARY = "libc++";
				CLANG_ENABLE_MODULES = YES;
				CLANG_ENABLE_OBJC_ARC = YES;
				CLANG_WARN_BOOL_CONVERSION = YES;
				CLANG_WARN_CONSTANT_CONVERSION = YES;
				CLANG_WARN_DIRECT_OBJC_ISA_USAGE = YES_ERROR;
				CLANG_WARN_EMPTY_BODY = YES;
				CLANG_WARN_ENUM_CONVERSION = YES;
				CLANG_WARN_INT_CONVERSION = YES;
				CLANG_WARN_OBJC_ROOT_CLASS = YES_ERROR;
				CLANG_WARN_UNREACHABLE_CODE = YES;
				CLANG_WARN__DUPLICATE_METHOD_MATCH = YES;
				"CODE_SIGN_IDENTITY[sdk=iphoneos*]" = "iPhone Developer";
				COPY_PHASE_STRIP = NO;
				DEBUG_INFORMATION_FORMAT = "dwarf-with-dsym";
				ENABLE_NS_ASSERTIONS = NO;
				ENABLE_STRICT_OBJC_MSGSEND = YES;
				GCC_C_LANGUAGE_STANDARD = gnu99;
				GCC_NO_COMMON_BLOCKS = YES;
				GCC_WARN_64_TO_32_BIT_CONVERSION = YES;
				GCC_WARN_ABOUT_RETURN_TYPE = YES_ERROR;
				GCC_WARN_UNDECLARED_SELECTOR = YES;
				GCC_WARN_UNINITIALIZED_AUTOS = YES_AGGRESSIVE;
				GCC_WARN_UNUSED_FUNCTION = YES;
				GCC_WARN_UNUSED_VARIABLE = YES;
				IPHONEOS_DEPLOYMENT_TARGET = 9.2;
				MTL_ENABLE_DEBUG_INFO = NO;
				SDKROOT = iphoneos;
				VALIDATE_PRODUCT = YES;
			};
			name = Release;
		};
		98097D3E1C6258E100FBD61C /* Debug */ = {
			isa = XCBuildConfiguration;
			buildSettings = {
				ASSETCATALOG_COMPILER_APPICON_NAME = AppIcon;
				INFOPLIST_FILE = Assessment4/Info.plist;
				LD_RUNPATH_SEARCH_PATHS = "$(inherited) @executable_path/Frameworks";
				PRODUCT_BUNDLE_IDENTIFIER = co.mobilemakers.Assessment4;
				PRODUCT_NAME = "$(TARGET_NAME)";
			};
			name = Debug;
		};
		98097D3F1C6258E100FBD61C /* Release */ = {
			isa = XCBuildConfiguration;
			buildSettings = {
				ASSETCATALOG_COMPILER_APPICON_NAME = AppIcon;
				INFOPLIST_FILE = Assessment4/Info.plist;
				LD_RUNPATH_SEARCH_PATHS = "$(inherited) @executable_path/Frameworks";
				PRODUCT_BUNDLE_IDENTIFIER = co.mobilemakers.Assessment4;
				PRODUCT_NAME = "$(TARGET_NAME)";
			};
			name = Release;
		};
/* End XCBuildConfiguration section */

/* Begin XCConfigurationList section */
		98097D261C6258E100FBD61C /* Build configuration list for PBXProject "Assessment4" */ = {
			isa = XCConfigurationList;
			buildConfigurations = (
				98097D3B1C6258E100FBD61C /* Debug */,
				98097D3C1C6258E100FBD61C /* Release */,
			);
			defaultConfigurationIsVisible = 0;
			defaultConfigurationName = Release;
		};
		98097D3D1C6258E100FBD61C /* Build configuration list for PBXNativeTarget "Assessment4" */ = {
			isa = XCConfigurationList;
			buildConfigurations = (
				98097D3E1C6258E100FBD61C /* Debug */,
				98097D3F1C6258E100FBD61C /* Release */,
			);
			defaultConfigurationIsVisible = 0;
			defaultConfigurationName = Release;
		};
/* End XCConfigurationList section */
	};
	rootObject = 98097D231C6258E100FBD61C /* Project object */;
}
